{
    "version": 3,
    "terraform_version": "0.11.1",
    "serial": 1,
    "lineage": "7191c46c-8b26-4746-850d-e6502c138dd0",
    "modules": [
        {
            "path": [
                "root"
            ],
            "outputs": {
                "storage_bucket_name": {
                    "sensitive": false,
                    "type": "string",
                    "value": "eth-quest-environment-storage-neodymium"
                }
            },
            "resources": {},
            "depends_on": []
        },
        {
            "path": [
                "root",
                "storage_bucket"
            ],
            "outputs": {
                "bucket_name": {
                    "sensitive": false,
                    "type": "string",
                    "value": "eth-quest-environment-storage-neodymium"
                }
            },
            "resources": {
                "aws_s3_bucket.encrypted_bucket": {
                    "type": "aws_s3_bucket",
                    "depends_on": [],
                    "primary": {
                        "id": "eth-quest-environment-storage-neodymium",
                        "attributes": {
                            "acceleration_status": "",
                            "acl": "private",
                            "arn": "arn:aws:s3:::eth-quest-environment-storage-neodymium",
                            "bucket": "eth-quest-environment-storage-neodymium",
                            "bucket_domain_name": "eth-quest-environment-storage-neodymium.s3.amazonaws.com",
                            "force_destroy": "false",
                            "hosted_zone_id": "Z1BKCTXD74EZPE",
                            "id": "eth-quest-environment-storage-neodymium",
                            "logging.#": "0",
                            "region": "eu-west-1",
                            "request_payer": "BucketOwner",
                            "tags.%": "1",
                            "tags.Name": "eth-quest-environment-storage-neodymium",
                            "versioning.#": "1",
                            "versioning.0.enabled": "true",
                            "versioning.0.mfa_delete": "false",
                            "website.#": "0"
                        },
                        "meta": {},
                        "tainted": false
                    },
                    "deposed": [],
                    "provider": "module.storage_bucket.provider.aws"
                },
                "aws_s3_bucket_policy.encrypted_bucket": {
                    "type": "aws_s3_bucket_policy",
                    "depends_on": [
                        "aws_s3_bucket.encrypted_bucket",
                        "data.template_file.encrypted_bucket_policy"
                    ],
                    "primary": {
                        "id": "eth-quest-environment-storage-neodymium",
                        "attributes": {
                            "bucket": "eth-quest-environment-storage-neodymium",
                            "id": "eth-quest-environment-storage-neodymium",
                            "policy": "{\n  \"Version\": \"2012-10-17\",\n  \"Statement\": [\n    {\n  \"Sid\": \"DenyUnEncryptedObjectUploads\",\n  \"Effect\": \"Deny\",\n  \"Action\": [\"s3:PutObject\"],\n  \"Resource\": [\"arn:aws:s3:::eth-quest-environment-storage-neodymium/*\"],\n\n  \"Condition\": {\n    \"StringNotEquals\": {\n        \"s3:x-amz-server-side-encryption\": \"AES256\"\n    }\n  },\n\n  \"Principal\": \"*\"\n},\n    {\n  \"Sid\": \"DenyUnEncryptedInflightOperations\",\n  \"Effect\": \"Deny\",\n  \"Action\": [\"s3:*\"],\n  \"Resource\": [\"arn:aws:s3:::eth-quest-environment-storage-neodymium/*\"],\n\n  \"Condition\": {\n    \"Bool\": {\n        \"aws:SecureTransport\": \"false\"\n    }\n  },\n\n  \"Principal\": \"*\"\n}\n  ]\n}"
                        },
                        "meta": {},
                        "tainted": false
                    },
                    "deposed": [],
                    "provider": "module.storage_bucket.provider.aws"
                },
                "data.template_file.deny_unencrypted_inflight_operations_fragment": {
                    "type": "template_file",
                    "depends_on": [],
                    "primary": {
                        "id": "0d03173e40e063cf5bf8412ff19c6e0121411e308895c2ec3016be9963a5d74e",
                        "attributes": {
                            "id": "0d03173e40e063cf5bf8412ff19c6e0121411e308895c2ec3016be9963a5d74e",
                            "rendered": "{\n  \"Sid\": \"DenyUnEncryptedInflightOperations\",\n  \"Effect\": \"Deny\",\n  \"Action\": [\"s3:*\"],\n  \"Resource\": [\"arn:aws:s3:::eth-quest-environment-storage-neodymium/*\"],\n\n  \"Condition\": {\n    \"Bool\": {\n        \"aws:SecureTransport\": \"false\"\n    }\n  },\n\n  \"Principal\": \"*\"\n}",
                            "template": "{\n  \"Sid\": \"DenyUnEncryptedInflightOperations\",\n  \"Effect\": \"Deny\",\n  \"Action\": [\"s3:*\"],\n  \"Resource\": [\"arn:aws:s3:::${bucket_name}/*\"],\n\n  \"Condition\": {\n    \"Bool\": {\n        \"aws:SecureTransport\": \"false\"\n    }\n  },\n\n  \"Principal\": \"*\"\n}",
                            "vars.%": "1",
                            "vars.bucket_name": "eth-quest-environment-storage-neodymium"
                        },
                        "meta": {},
                        "tainted": false
                    },
                    "deposed": [],
                    "provider": "provider.template"
                },
                "data.template_file.deny_unencrypted_object_uploads_fragment": {
                    "type": "template_file",
                    "depends_on": [],
                    "primary": {
                        "id": "ebc9399df8b0049a206feee4d2621b63e42520a565bad987b2ce2eb775bf96d2",
                        "attributes": {
                            "id": "ebc9399df8b0049a206feee4d2621b63e42520a565bad987b2ce2eb775bf96d2",
                            "rendered": "{\n  \"Sid\": \"DenyUnEncryptedObjectUploads\",\n  \"Effect\": \"Deny\",\n  \"Action\": [\"s3:PutObject\"],\n  \"Resource\": [\"arn:aws:s3:::eth-quest-environment-storage-neodymium/*\"],\n\n  \"Condition\": {\n    \"StringNotEquals\": {\n        \"s3:x-amz-server-side-encryption\": \"AES256\"\n    }\n  },\n\n  \"Principal\": \"*\"\n}",
                            "template": "{\n  \"Sid\": \"DenyUnEncryptedObjectUploads\",\n  \"Effect\": \"Deny\",\n  \"Action\": [\"s3:PutObject\"],\n  \"Resource\": [\"arn:aws:s3:::${bucket_name}/*\"],\n\n  \"Condition\": {\n    \"StringNotEquals\": {\n        \"s3:x-amz-server-side-encryption\": \"AES256\"\n    }\n  },\n\n  \"Principal\": \"*\"\n}",
                            "vars.%": "1",
                            "vars.bucket_name": "eth-quest-environment-storage-neodymium"
                        },
                        "meta": {},
                        "tainted": false
                    },
                    "deposed": [],
                    "provider": "provider.template"
                },
                "data.template_file.encrypted_bucket_policy": {
                    "type": "template_file",
                    "depends_on": [
                        "data.template_file.deny_unencrypted_inflight_operations_fragment",
                        "data.template_file.deny_unencrypted_object_uploads_fragment"
                    ],
                    "primary": {
                        "id": "8c8680c2ae4164a0af8d0bdf2bf9251025f9d1be549b638fd346600cfcb65109",
                        "attributes": {
                            "id": "8c8680c2ae4164a0af8d0bdf2bf9251025f9d1be549b638fd346600cfcb65109",
                            "rendered": "{\n  \"Version\": \"2012-10-17\",\n  \"Statement\": [\n    {\n  \"Sid\": \"DenyUnEncryptedObjectUploads\",\n  \"Effect\": \"Deny\",\n  \"Action\": [\"s3:PutObject\"],\n  \"Resource\": [\"arn:aws:s3:::eth-quest-environment-storage-neodymium/*\"],\n\n  \"Condition\": {\n    \"StringNotEquals\": {\n        \"s3:x-amz-server-side-encryption\": \"AES256\"\n    }\n  },\n\n  \"Principal\": \"*\"\n},\n    {\n  \"Sid\": \"DenyUnEncryptedInflightOperations\",\n  \"Effect\": \"Deny\",\n  \"Action\": [\"s3:*\"],\n  \"Resource\": [\"arn:aws:s3:::eth-quest-environment-storage-neodymium/*\"],\n\n  \"Condition\": {\n    \"Bool\": {\n        \"aws:SecureTransport\": \"false\"\n    }\n  },\n\n  \"Principal\": \"*\"\n}\n  ]\n}",
                            "template": "{\n  \"Version\": \"2012-10-17\",\n  \"Statement\": [\n    ${deny_unencrypted_object_upload_fragment},\n    ${deny_unencrypted_inflight_operations_fragment}\n  ]\n}",
                            "vars.%": "3",
                            "vars.bucket_name": "eth-quest-environment-storage-neodymium",
                            "vars.deny_unencrypted_inflight_operations_fragment": "{\n  \"Sid\": \"DenyUnEncryptedInflightOperations\",\n  \"Effect\": \"Deny\",\n  \"Action\": [\"s3:*\"],\n  \"Resource\": [\"arn:aws:s3:::eth-quest-environment-storage-neodymium/*\"],\n\n  \"Condition\": {\n    \"Bool\": {\n        \"aws:SecureTransport\": \"false\"\n    }\n  },\n\n  \"Principal\": \"*\"\n}",
                            "vars.deny_unencrypted_object_upload_fragment": "{\n  \"Sid\": \"DenyUnEncryptedObjectUploads\",\n  \"Effect\": \"Deny\",\n  \"Action\": [\"s3:PutObject\"],\n  \"Resource\": [\"arn:aws:s3:::eth-quest-environment-storage-neodymium/*\"],\n\n  \"Condition\": {\n    \"StringNotEquals\": {\n        \"s3:x-amz-server-side-encryption\": \"AES256\"\n    }\n  },\n\n  \"Principal\": \"*\"\n}"
                        },
                        "meta": {},
                        "tainted": false
                    },
                    "deposed": [],
                    "provider": "provider.template"
                }
            },
            "depends_on": []
        }
    ]
}
